// !$*UTF8*$!
{
	archiveVersion = 1;
	classes = {
	};
	objectVersion = 46;
	objects = {

		B22DEDFCC96CF031AF45BE7B = {isa = PBXBuildFile; fileRef = B5B9333A684EB86BECEEF6B0; };
		56CEB2375ACCC232BE86C78A = {isa = PBXBuildFile; fileRef = 400014FB1C398527E2325297; };
		722D04C2B9A82636441C9FE5 = {isa = PBXBuildFile; fileRef = ECC5ED1DE1422EDE046BCDE9; };
		D4EA2DAED3CC86AA82A20FAD = {isa = PBXBuildFile; fileRef = 53B5610882DBF1EC4B6EFE1B; };
		E43182FBC700EF3B49AD0324 = {isa = PBXBuildFile; fileRef = 0C158BE2206545197B662EA2; };
		0A05226B7B6100857BA863A6 = {isa = PBXBuildFile; fileRef = 23D5C67BE18E9898B851140C; };
		AC3BB819E9E1F48F0E728A62 = {isa = PBXBuildFile; fileRef = 2A5753FC00DF87AD4E69AAC3; };
		E06067F17928B282CD624324 = {isa = PBXBuildFile; fileRef = 2E616B0549D9ABC24E0942E9; };
		BEB4A8849234FF65DFBD97A8 = {isa = PBXBuildFile; fileRef = 4AF444156AAA74401CD1A3FC; };
		FC0202BA96089BA438FBFB32 = {isa = PBXBuildFile; fileRef = 31C80CAFE104A502864E7A03; };
		E3165CBCD7CDA0276A5A4F57 = {isa = PBXBuildFile; fileRef = EE2A4BE4D49B2B38EC5B36F3; };
		E5021A0B8A0F98E498D10B7C = {isa = PBXBuildFile; fileRef = 212B2E10B6F91FD140DD5839; };
		E510421295880472C17DBD31 = {isa = PBXBuildFile; fileRef = DCA75FC440D424D2D8B8D8DE; };
		87D679DF1FD08E85B444370D = {isa = PBXBuildFile; fileRef = 29583544E04DFA4224706F64; };
		6CB7F792A8C38A742F04474A = {isa = PBXBuildFile; fileRef = 1DCAE7B90026765F5C43A5F6; };
		0C158BE2206545197B662EA2 = {isa = PBXFileReference; lastKnownFileType = wrapper.framework; name = CoreAudio.framework; path = System/Library/Frameworks/CoreAudio.framework; sourceTree = SDKROOT; };
		1DCAE7B90026765F5C43A5F6 = {isa = PBXFileReference; lastKnownFileType = sourcecode.cpp.cpp; name = "include_ntlab_software_defined_radio.cpp"; path = "../../JuceLibraryCode/include_ntlab_software_defined_radio.cpp"; sourceTree = "SOURCE_ROOT"; };
		212B2E10B6F91FD140DD5839 = {isa = PBXFileReference; lastKnownFileType = sourcecode.cpp.objcpp; name = "include_juce_audio_formats.mm"; path = "../../JuceLibraryCode/include_juce_audio_formats.mm"; sourceTree = "SOURCE_ROOT"; };
		23D5C67BE18E9898B851140C = {isa = PBXFileReference; lastKnownFileType = wrapper.framework; name = CoreMIDI.framework; path = System/Library/Frameworks/CoreMIDI.framework; sourceTree = SDKROOT; };
		29583544E04DFA4224706F64 = {isa = PBXFileReference; lastKnownFileType = sourcecode.cpp.objcpp; name = "include_juce_dsp.mm"; path = "../../JuceLibraryCode/include_juce_dsp.mm"; sourceTree = "SOURCE_ROOT"; };
		2A5753FC00DF87AD4E69AAC3 = {isa = PBXFileReference; lastKnownFileType = wrapper.framework; name = IOKit.framework; path = System/Library/Frameworks/IOKit.framework; sourceTree = SDKROOT; };
		2D83421B49755506C47147F5 = {isa = PBXFileReference; lastKnownFileType = sourcecode.c.h; name = JuceHeader.h; path = ../../JuceLibraryCode/JuceHeader.h; sourceTree = "SOURCE_ROOT"; };
		2E616B0549D9ABC24E0942E9 = {isa = PBXFileReference; lastKnownFileType = wrapper.framework; name = QuartzCore.framework; path = System/Library/Frameworks/QuartzCore.framework; sourceTree = SDKROOT; };
		31C80CAFE104A502864E7A03 = {isa = PBXFileReference; lastKnownFileType = sourcecode.cpp.cpp; name = Main.cpp; path = ../../Source/Main.cpp; sourceTree = "SOURCE_ROOT"; };
		3B175C5CF96659BC80941F0B = {isa = PBXFileReference; lastKnownFileType = file; name = "juce_core"; path = "../../../../../SDKs/JUCE/modules/juce_core"; sourceTree = "SOURCE_ROOT"; };
		400014FB1C398527E2325297 = {isa = PBXFileReference; lastKnownFileType = wrapper.framework; name = Accelerate.framework; path = System/Library/Frameworks/Accelerate.framework; sourceTree = SDKROOT; };
		4AF444156AAA74401CD1A3FC = {isa = PBXFileReference; lastKnownFileType = file.nib; name = RecentFilesMenuTemplate.nib; path = RecentFilesMenuTemplate.nib; sourceTree = "SOURCE_ROOT"; };
		53B5610882DBF1EC4B6EFE1B = {isa = PBXFileReference; lastKnownFileType = wrapper.framework; name = Cocoa.framework; path = System/Library/Frameworks/Cocoa.framework; sourceTree = SDKROOT; };
		5F2AC1EAD910F3381EDD3384 = {isa = PBXFileReference; lastKnownFileType = file; name = "juce_audio_basics"; path = "../../../../../SDKs/JUCE/modules/juce_audio_basics"; sourceTree = "SOURCE_ROOT"; };
		844133E14A20125789F66B1C = {isa = PBXFileReference; lastKnownFileType = file; name = "juce_audio_formats"; path = "../../../../../SDKs/JUCE/modules/juce_audio_formats"; sourceTree = "SOURCE_ROOT"; };
		9A90709E580E470151F89010 = {isa = PBXFileReference; lastKnownFileType = file; name = "ntlab_software_defined_radio"; path = "../../../ntlab_software_defined_radio"; sourceTree = "SOURCE_ROOT"; };
		B5B9333A684EB86BECEEF6B0 = {isa = PBXFileReference; explicitFileType = "compiled.mach-o.executable"; includeInIndex = 0; path = UnitTests; sourceTree = "BUILT_PRODUCTS_DIR"; };
		BCBF907F7103AE74EA8E5828 = {isa = PBXFileReference; lastKnownFileType = sourcecode.c.h; name = AppConfig.h; path = ../../JuceLibraryCode/AppConfig.h; sourceTree = "SOURCE_ROOT"; };
		D9C216604EC39F7520E7B574 = {isa = PBXFileReference; lastKnownFileType = file; name = "juce_dsp"; path = "../../../../../SDKs/JUCE/modules/juce_dsp"; sourceTree = "SOURCE_ROOT"; };
		DCA75FC440D424D2D8B8D8DE = {isa = PBXFileReference; lastKnownFileType = sourcecode.cpp.objcpp; name = "include_juce_core.mm"; path = "../../JuceLibraryCode/include_juce_core.mm"; sourceTree = "SOURCE_ROOT"; };
		ECC5ED1DE1422EDE046BCDE9 = {isa = PBXFileReference; lastKnownFileType = wrapper.framework; name = AudioToolbox.framework; path = System/Library/Frameworks/AudioToolbox.framework; sourceTree = SDKROOT; };
		EE2A4BE4D49B2B38EC5B36F3 = {isa = PBXFileReference; lastKnownFileType = sourcecode.cpp.objcpp; name = "include_juce_audio_basics.mm"; path = "../../JuceLibraryCode/include_juce_audio_basics.mm"; sourceTree = "SOURCE_ROOT"; };
		D9A5FDBB3E00455207C107B7 = {isa = PBXGroup; children = (
					31C80CAFE104A502864E7A03, ); name = Source; sourceTree = "<group>"; };
		7088E5840D155C6924C9CAF9 = {isa = PBXGroup; children = (
					D9A5FDBB3E00455207C107B7, ); name = UnitTests; sourceTree = "<group>"; };
		17ABC049D105E5562BEAF129 = {isa = PBXGroup; children = (
					5F2AC1EAD910F3381EDD3384,
					844133E14A20125789F66B1C,
					3B175C5CF96659BC80941F0B,
					D9C216604EC39F7520E7B574,
					9A90709E580E470151F89010, ); name = "JUCE Modules"; sourceTree = "<group>"; };
		1995A8CE71434FCA2EEAE9B8 = {isa = PBXGroup; children = (
					BCBF907F7103AE74EA8E5828,
					EE2A4BE4D49B2B38EC5B36F3,
					212B2E10B6F91FD140DD5839,
					DCA75FC440D424D2D8B8D8DE,
					29583544E04DFA4224706F64,
					1DCAE7B90026765F5C43A5F6,
					2D83421B49755506C47147F5, ); name = "JUCE Library Code"; sourceTree = "<group>"; };
		834A83E9DBD9B258C87084C1 = {isa = PBXGroup; children = (
					4AF444156AAA74401CD1A3FC, ); name = Resources; sourceTree = "<group>"; };
		38F1D7B25DF2B984DD222AEB = {isa = PBXGroup; children = (
					400014FB1C398527E2325297,
					ECC5ED1DE1422EDE046BCDE9,
					53B5610882DBF1EC4B6EFE1B,
					0C158BE2206545197B662EA2,
					23D5C67BE18E9898B851140C,
					2A5753FC00DF87AD4E69AAC3,
					2E616B0549D9ABC24E0942E9, ); name = Frameworks; sourceTree = "<group>"; };
		1DFAF9A9E62D734B2AF0EB8D = {isa = PBXGroup; children = (
					B5B9333A684EB86BECEEF6B0, ); name = Products; sourceTree = "<group>"; };
		A5F35B67E0E055E3673AB79B = {isa = PBXGroup; children = (
					7088E5840D155C6924C9CAF9,
					17ABC049D105E5562BEAF129,
					1995A8CE71434FCA2EEAE9B8,
					834A83E9DBD9B258C87084C1,
					38F1D7B25DF2B984DD222AEB,
					1DFAF9A9E62D734B2AF0EB8D, ); name = Source; sourceTree = "<group>"; };
		48289CB16F973C63D5B1FE57 = {isa = XCBuildConfiguration; buildSettings = {
				CLANG_CXX_LANGUAGE_STANDARD = "c++14";
				CLANG_CXX_LIBRARY = "libc++";
				CLANG_LINK_OBJC_RUNTIME = NO;
				COMBINE_HIDPI_IMAGES = YES;
				CONFIGURATION_BUILD_DIR = "$(PROJECT_DIR)/build/$(CONFIGURATION)";
				DEAD_CODE_STRIPPING = YES;
				GCC_GENERATE_DEBUGGING_SYMBOLS = NO;
				GCC_OPTIMIZATION_LEVEL = 3;
				GCC_PREPROCESSOR_DEFINITIONS = (
					"_NDEBUG=1",
					"NDEBUG=1",
					"NTLAB_SOFTWARE_DEFINED_RADIO_UNIT_TESTS",
					"JUCER_XCODE_MAC_F6D2F4CF=1",
					"JUCE_APP_VERSION=1.0.0",
					"JUCE_APP_VERSION_HEX=0x10000",
					"JucePlugin_Build_VST=0",
					"JucePlugin_Build_VST3=0",
					"JucePlugin_Build_AU=0",
					"JucePlugin_Build_AUv3=0",
					"JucePlugin_Build_RTAS=0",
					"JucePlugin_Build_AAX=0",
					"JucePlugin_Build_Standalone=0",
					"JucePlugin_Build_Unity=0", );
				GCC_SYMBOLS_PRIVATE_EXTERN = YES;
				GCC_VERSION = com.apple.compilers.llvm.clang.1_0;
				HEADER_SEARCH_PATHS = ("../../JuceLibraryCode", "../../../../../SDKs/JUCE/modules", "../../../../SoftwareDefinedRadio4JUCE", "$(inherited)");
				INSTALL_PATH = "/usr/bin";
				LLVM_LTO = YES;
				MACOSX_DEPLOYMENT_TARGET = 10.11;
				MACOSX_DEPLOYMENT_TARGET_ppc = 10.4;
				OTHER_CPLUSPLUSFLAGS = "-mavx2";
				PRODUCT_BUNDLE_IDENTIFIER = com.yourcompany.UnitTests;
				PRODUCT_NAME = "UnitTests";
				SDKROOT_ppc = macosx10.5;
				USE_HEADERMAP = NO; }; name = Release; };
		C04AF582D52B82194F66BFB1 = {isa = XCBuildConfiguration; buildSettings = {
				ALWAYS_SEARCH_USER_PATHS = NO;
				CLANG_WARN_BLOCK_CAPTURE_AUTORELEASING = YES;
				CLANG_WARN_BOOL_CONVERSION = YES;
				CLANG_WARN_COMMA = YES;
				CLANG_WARN_CONSTANT_CONVERSION = YES;
				CLANG_WARN_EMPTY_BODY = YES;
				CLANG_WARN_ENUM_CONVERSION = YES;
				CLANG_WARN_INFINITE_RECURSION = YES;
				CLANG_WARN_INT_CONVERSION = YES;
				CLANG_WARN_NON_LITERAL_NULL_CONVERSION = YES;
				CLANG_WARN_OBJC_LITERAL_CONVERSION = YES;
				CLANG_WARN_RANGE_LOOP_ANALYSIS = YES;
				CLANG_WARN_STRICT_PROTOTYPES = YES;
				CLANG_WARN_SUSPICIOUS_MOVE = YES;
				CLANG_WARN_UNREACHABLE_CODE = YES;
				CLANG_WARN__DUPLICATE_METHOD_MATCH = YES;
				DEBUG_INFORMATION_FORMAT = "dwarf";
				ENABLE_STRICT_OBJC_MSGSEND = YES;
				GCC_C_LANGUAGE_STANDARD = c11;
				GCC_INLINES_ARE_PRIVATE_EXTERN = YES;
				GCC_MODEL_TUNING = G5;
				GCC_NO_COMMON_BLOCKS = YES;
				GCC_WARN_64_TO_32_BIT_CONVERSION = YES;
				GCC_WARN_ABOUT_RETURN_TYPE = YES;
				GCC_WARN_CHECK_SWITCH_STATEMENTS = YES;
				GCC_WARN_MISSING_PARENTHESES = YES;
				GCC_WARN_NON_VIRTUAL_DESTRUCTOR = YES;
				GCC_WARN_TYPECHECK_CALLS_TO_PRINTF = YES;
				GCC_WARN_UNDECLARED_SELECTOR = YES;
				GCC_WARN_UNINITIALIZED_AUTOS = YES;
				GCC_WARN_UNUSED_FUNCTION = YES;
				GCC_WARN_UNUSED_VARIABLE = YES;
				PRODUCT_NAME = "UnitTests";
				WARNING_CFLAGS = -Wreorder;
				ZERO_LINK = NO; }; name = Release; };
		115E1A998516CE9C7E60F09B = {isa = PBXTargetDependency; target = 00E27EEDDAEF8B2D3FCBD535; };
		C25B6796935C982341D787CC = {isa = XCConfigurationList; buildConfigurations = (
					C04AF582D52B82194F66BFB1, ); defaultConfigurationIsVisible = 0; defaultConfigurationName = Release; };
		FD58BE74284E77FF18859BD9 = {isa = XCConfigurationList; buildConfigurations = (
					48289CB16F973C63D5B1FE57, ); defaultConfigurationIsVisible = 0; defaultConfigurationName = Release; };
		C095A15559D8724157B2C468 = {isa = PBXResourcesBuildPhase; buildActionMask = 2147483647; files = (
					BEB4A8849234FF65DFBD97A8, ); runOnlyForDeploymentPostprocessing = 0; };
		96DD71B9BA6F645D627E6042 = {isa = PBXSourcesBuildPhase; buildActionMask = 2147483647; files = (
					FC0202BA96089BA438FBFB32,
					E3165CBCD7CDA0276A5A4F57,
					E5021A0B8A0F98E498D10B7C,
					E510421295880472C17DBD31,
					87D679DF1FD08E85B444370D,
					6CB7F792A8C38A742F04474A, ); runOnlyForDeploymentPostprocessing = 0; };
		D8F2178152EEC6AA50B1AED5 = {isa = PBXFrameworksBuildPhase; buildActionMask = 2147483647; files = (
					56CEB2375ACCC232BE86C78A,
					722D04C2B9A82636441C9FE5,
					D4EA2DAED3CC86AA82A20FAD,
					E43182FBC700EF3B49AD0324,
					0A05226B7B6100857BA863A6,
					AC3BB819E9E1F48F0E728A62,
					E06067F17928B282CD624324, ); runOnlyForDeploymentPostprocessing = 0; };
		00E27EEDDAEF8B2D3FCBD535 = {isa = PBXNativeTarget; buildConfigurationList = FD58BE74284E77FF18859BD9; buildPhases = (
					C095A15559D8724157B2C468,
					96DD71B9BA6F645D627E6042,
					D8F2178152EEC6AA50B1AED5, ); buildRules = ( ); dependencies = (  ); name = "UnitTests - ConsoleApp"; productName = UnitTests; productReference = B5B9333A684EB86BECEEF6B0; productType = "com.apple.product-type.tool"; };
		8719520B5E72E7094AE2D464 = {isa = PBXProject; buildConfigurationList = C25B6796935C982341D787CC; attributes = { LastUpgradeCheck = 0930; ORGANIZATIONNAME = ""; }; compatibilityVersion = "Xcode 3.2"; hasScannedForEncodings = 0; mainGroup = A5F35B67E0E055E3673AB79B; projectDirPath = ""; projectRoot = ""; targets = (00E27EEDDAEF8B2D3FCBD535); };
	};
	rootObject = 8719520B5E72E7094AE2D464;
}
